
Microsoft Visual Studio Solution File, Format Version 12.00
# Visual Studio Version 16
VisualStudioVersion = 16.0.30717.126
MinimumVisualStudioVersion = 10.0.40219.1
Project("{FAE04EC0-301F-11D3-BF4B-00C04F79EFBC}") = "ZohoAPI", "ZohoAPI\ZohoAPI.csproj", "{EC89F100-895C-44D6-BE77-D477C164C74F}"
EndProject
Global
	GlobalSection(SolutionConfigurationPlatforms) = preSolution
		Debug|Any CPU = Debug|Any CPU
		Release|Any CPU = Release|Any CPU
	EndGlobalSection
	GlobalSection(ProjectConfigurationPlatforms) = postSolution
		{EC89F100-895C-44D6-BE77-D477C164C74F}.Debug|Any CPU.ActiveCfg = Debug|Any CPU
		{EC89F100-895C-44D6-BE77-D477C164C74F}.Debug|Any CPU.Build.0 = Debug|Any CPU
		{EC89F100-895C-44D6-BE77-D477C164C74F}.Release|Any CPU.ActiveCfg = Release|Any CPU
		{EC89F100-895C-44D6-BE77-D477C164C74F}.Release|Any CPU.Build.0 = Release|Any CPU
	EndGlobalSection
	GlobalSection(SolutionProperties) = preSolution
		HideSolutionNode = FALSE
	EndGlobalSection
	GlobalSection(ExtensibilityGlobals) = postSolution
		SolutionGuid = {70743D80-3688-4171-9587-1A258AB4B409}
	EndGlobalSection
EndGlobal
